
Microsoft Visual Studio Solution File, Format Version 12.00
# Visual Studio 15
VisualStudioVersion = 15.0.28307.1082
MinimumVisualStudioVersion = 10.0.40219.1
Project("{FAE04EC0-301F-11D3-BF4B-00C04F79EFBC}") = "MiniDronWeb", "MiniDronWeb\MiniDronWeb.csproj", "{DE7FE115-6CD6-42B4-A0B6-D0E36DE33A47}"
EndProject
Global
	GlobalSection(SolutionConfigurationPlatforms) = preSolution
		Debug|Any CPU = Debug|Any CPU
		Release|Any CPU = Release|Any CPU
	EndGlobalSection
	GlobalSection(ProjectConfigurationPlatforms) = postSolution
		{DE7FE115-6CD6-42B4-A0B6-D0E36DE33A47}.Debug|Any CPU.ActiveCfg = Debug|Any CPU
		{DE7FE115-6CD6-42B4-A0B6-D0E36DE33A47}.Debug|Any CPU.Build.0 = Debug|Any CPU
		{DE7FE115-6CD6-42B4-A0B6-D0E36DE33A47}.Release|Any CPU.ActiveCfg = Release|Any CPU
		{DE7FE115-6CD6-42B4-A0B6-D0E36DE33A47}.Release|Any CPU.Build.0 = Release|Any CPU
	EndGlobalSection
	GlobalSection(SolutionProperties) = preSolution
		HideSolutionNode = FALSE
	EndGlobalSection
	GlobalSection(ExtensibilityGlobals) = postSolution
		SolutionGuid = {AA1F7232-3E06-43F8-9AB9-94150454CE10}
	EndGlobalSection
EndGlobal
