
Microsoft Visual Studio Solution File, Format Version 12.00
# Visual Studio 15
VisualStudioVersion = 15.0.28307.1082
MinimumVisualStudioVersion = 10.0.40219.1
Project("{FAE04EC0-301F-11D3-BF4B-00C04F79EFBC}") = "jQueryAjaxCRUDinASPNETCore", "jQueryAjaxCRUDinASPNETCore\jQueryAjaxCRUDinASPNETCore.csproj", "{4E64BE58-B3D5-49BB-8894-14E450F897D2}"
EndProject
Global
	GlobalSection(SolutionConfigurationPlatforms) = preSolution
		Debug|Any CPU = Debug|Any CPU
		Release|Any CPU = Release|Any CPU
	EndGlobalSection
	GlobalSection(ProjectConfigurationPlatforms) = postSolution
		{4E64BE58-B3D5-49BB-8894-14E450F897D2}.Debug|Any CPU.ActiveCfg = Debug|Any CPU
		{4E64BE58-B3D5-49BB-8894-14E450F897D2}.Debug|Any CPU.Build.0 = Debug|Any CPU
		{4E64BE58-B3D5-49BB-8894-14E450F897D2}.Release|Any CPU.ActiveCfg = Release|Any CPU
		{4E64BE58-B3D5-49BB-8894-14E450F897D2}.Release|Any CPU.Build.0 = Release|Any CPU
	EndGlobalSection
	GlobalSection(SolutionProperties) = preSolution
		HideSolutionNode = FALSE
	EndGlobalSection
	GlobalSection(ExtensibilityGlobals) = postSolution
		SolutionGuid = {B1EC38B1-A0E7-4D36-B278-DACE4596B266}
	EndGlobalSection
EndGlobal
