
Microsoft Visual Studio Solution File, Format Version 12.00
# Visual Studio Version 16
VisualStudioVersion = 16.0.30128.74
MinimumVisualStudioVersion = 10.0.40219.1
Project("{9A19103F-16F7-4668-BE54-9A1E7A4F7556}") = "MiniDronIdentifySystem", "MiniDronIdentifySystem.csproj", "{70BCD346-2B0B-45F9-8105-F44F906C59B4}"
EndProject
Project("{9A19103F-16F7-4668-BE54-9A1E7A4F7556}") = "MDIS.api", "..\MDIS.api\MDIS.api.csproj", "{34ECC8C2-101D-47EE-9C8A-E735C2EEF1E6}"
EndProject
Global
	GlobalSection(SolutionConfigurationPlatforms) = preSolution
		Debug|Any CPU = Debug|Any CPU
		Release|Any CPU = Release|Any CPU
	EndGlobalSection
	GlobalSection(ProjectConfigurationPlatforms) = postSolution
		{70BCD346-2B0B-45F9-8105-F44F906C59B4}.Debug|Any CPU.ActiveCfg = Debug|Any CPU
		{70BCD346-2B0B-45F9-8105-F44F906C59B4}.Debug|Any CPU.Build.0 = Debug|Any CPU
		{70BCD346-2B0B-45F9-8105-F44F906C59B4}.Release|Any CPU.ActiveCfg = Release|Any CPU
		{70BCD346-2B0B-45F9-8105-F44F906C59B4}.Release|Any CPU.Build.0 = Release|Any CPU
		{34ECC8C2-101D-47EE-9C8A-E735C2EEF1E6}.Debug|Any CPU.ActiveCfg = Debug|Any CPU
		{34ECC8C2-101D-47EE-9C8A-E735C2EEF1E6}.Debug|Any CPU.Build.0 = Debug|Any CPU
		{34ECC8C2-101D-47EE-9C8A-E735C2EEF1E6}.Release|Any CPU.ActiveCfg = Release|Any CPU
		{34ECC8C2-101D-47EE-9C8A-E735C2EEF1E6}.Release|Any CPU.Build.0 = Release|Any CPU
	EndGlobalSection
	GlobalSection(SolutionProperties) = preSolution
		HideSolutionNode = FALSE
	EndGlobalSection
	GlobalSection(ExtensibilityGlobals) = postSolution
		SolutionGuid = {0776AE92-D0F1-48B2-8C70-CDCB7F8B375C}
	EndGlobalSection
EndGlobal
